// !$*UTF8*$!
{
	archiveVersion = 1;
	classes = {
	};
	objectVersion = 46;
	objects = {

/* Begin PBXBuildFile section */
		1008367A1D95A84A0079C8D9 /* WelcomeViewController.swift in Sources */ = {isa = PBXBuildFile; fileRef = 100836791D95A84A0079C8D9 /* WelcomeViewController.swift */; };
		105119741D945C54004083F8 /* LoginService.swift in Sources */ = {isa = PBXBuildFile; fileRef = 105119731D945C54004083F8 /* LoginService.swift */; };
		105119761D945FA2004083F8 /* ConnectionSettings.swift in Sources */ = {isa = PBXBuildFile; fileRef = 105119751D945FA2004083F8 /* ConnectionSettings.swift */; };
		1073257A1D930A9C005F4C26 /* AppDelegate.swift in Sources */ = {isa = PBXBuildFile; fileRef = 107325791D930A9C005F4C26 /* AppDelegate.swift */; };
		1073257C1D930A9C005F4C26 /* ViewController.swift in Sources */ = {isa = PBXBuildFile; fileRef = 1073257B1D930A9C005F4C26 /* ViewController.swift */; };
		1073257F1D930A9C005F4C26 /* Main.storyboard in Resources */ = {isa = PBXBuildFile; fileRef = 1073257D1D930A9C005F4C26 /* Main.storyboard */; };
		107325821D930A9C005F4C26 /* BassFishingAppTakeTwo.xcdatamodeld in Sources */ = {isa = PBXBuildFile; fileRef = 107325801D930A9C005F4C26 /* BassFishingAppTakeTwo.xcdatamodeld */; };
		107325841D930A9C005F4C26 /* Assets.xcassets in Resources */ = {isa = PBXBuildFile; fileRef = 107325831D930A9C005F4C26 /* Assets.xcassets */; };
		107325871D930A9C005F4C26 /* LaunchScreen.storyboard in Resources */ = {isa = PBXBuildFile; fileRef = 107325851D930A9C005F4C26 /* LaunchScreen.storyboard */; };
		107325921D930A9C005F4C26 /* BassFishingAppTakeTwoTests.swift in Sources */ = {isa = PBXBuildFile; fileRef = 107325911D930A9C005F4C26 /* BassFishingAppTakeTwoTests.swift */; };
		1073259D1D930A9C005F4C26 /* BassFishingAppTakeTwoUITests.swift in Sources */ = {isa = PBXBuildFile; fileRef = 1073259C1D930A9C005F4C26 /* BassFishingAppTakeTwoUITests.swift */; };
		107325AF1D930EB4005F4C26 /* LoginViewController.swift in Sources */ = {isa = PBXBuildFile; fileRef = 107325AE1D930EB4005F4C26 /* LoginViewController.swift */; };
/* End PBXBuildFile section */

/* Begin PBXContainerItemProxy section */
		1073258E1D930A9C005F4C26 /* PBXContainerItemProxy */ = {
			isa = PBXContainerItemProxy;
			containerPortal = 1073256E1D930A9C005F4C26 /* Project object */;
			proxyType = 1;
			remoteGlobalIDString = 107325751D930A9C005F4C26;
			remoteInfo = BassFishingAppTakeTwo;
		};
		107325991D930A9C005F4C26 /* PBXContainerItemProxy */ = {
			isa = PBXContainerItemProxy;
			containerPortal = 1073256E1D930A9C005F4C26 /* Project object */;
			proxyType = 1;
			remoteGlobalIDString = 107325751D930A9C005F4C26;
			remoteInfo = BassFishingAppTakeTwo;
		};
/* End PBXContainerItemProxy section */

/* Begin PBXFileReference section */
		100836791D95A84A0079C8D9 /* WelcomeViewController.swift */ = {isa = PBXFileReference; fileEncoding = 4; lastKnownFileType = sourcecode.swift; path = WelcomeViewController.swift; sourceTree = "<group>"; };
		105119731D945C54004083F8 /* LoginService.swift */ = {isa = PBXFileReference; fileEncoding = 4; lastKnownFileType = sourcecode.swift; path = LoginService.swift; sourceTree = "<group>"; };
		105119751D945FA2004083F8 /* ConnectionSettings.swift */ = {isa = PBXFileReference; fileEncoding = 4; lastKnownFileType = sourcecode.swift; path = ConnectionSettings.swift; sourceTree = "<group>"; };
		107325761D930A9C005F4C26 /* BassFishingAppTakeTwo.app */ = {isa = PBXFileReference; explicitFileType = wrapper.application; includeInIndex = 0; path = BassFishingAppTakeTwo.app; sourceTree = BUILT_PRODUCTS_DIR; };
		107325791D930A9C005F4C26 /* AppDelegate.swift */ = {isa = PBXFileReference; lastKnownFileType = sourcecode.swift; path = AppDelegate.swift; sourceTree = "<group>"; };
		1073257B1D930A9C005F4C26 /* ViewController.swift */ = {isa = PBXFileReference; lastKnownFileType = sourcecode.swift; path = ViewController.swift; sourceTree = "<group>"; };
		1073257E1D930A9C005F4C26 /* Base */ = {isa = PBXFileReference; lastKnownFileType = file.storyboard; name = Base; path = Base.lproj/Main.storyboard; sourceTree = "<group>"; };
		107325811D930A9C005F4C26 /* BassFishingAppTakeTwo.xcdatamodel */ = {isa = PBXFileReference; lastKnownFileType = wrapper.xcdatamodel; path = BassFishingAppTakeTwo.xcdatamodel; sourceTree = "<group>"; };
		107325831D930A9C005F4C26 /* Assets.xcassets */ = {isa = PBXFileReference; lastKnownFileType = folder.assetcatalog; path = Assets.xcassets; sourceTree = "<group>"; };
		107325861D930A9C005F4C26 /* Base */ = {isa = PBXFileReference; lastKnownFileType = file.storyboard; name = Base; path = Base.lproj/LaunchScreen.storyboard; sourceTree = "<group>"; };
		107325881D930A9C005F4C26 /* Info.plist */ = {isa = PBXFileReference; lastKnownFileType = text.plist.xml; path = Info.plist; sourceTree = "<group>"; };
		1073258D1D930A9C005F4C26 /* BassFishingAppTakeTwoTests.xctest */ = {isa = PBXFileReference; explicitFileType = wrapper.cfbundle; includeInIndex = 0; path = BassFishingAppTakeTwoTests.xctest; sourceTree = BUILT_PRODUCTS_DIR; };
		107325911D930A9C005F4C26 /* BassFishingAppTakeTwoTests.swift */ = {isa = PBXFileReference; lastKnownFileType = sourcecode.swift; path = BassFishingAppTakeTwoTests.swift; sourceTree = "<group>"; };
		107325931D930A9C005F4C26 /* Info.plist */ = {isa = PBXFileReference; lastKnownFileType = text.plist.xml; path = Info.plist; sourceTree = "<group>"; };
		107325981D930A9C005F4C26 /* BassFishingAppTakeTwoUITests.xctest */ = {isa = PBXFileReference; explicitFileType = wrapper.cfbundle; includeInIndex = 0; path = BassFishingAppTakeTwoUITests.xctest; sourceTree = BUILT_PRODUCTS_DIR; };
		1073259C1D930A9C005F4C26 /* BassFishingAppTakeTwoUITests.swift */ = {isa = PBXFileReference; lastKnownFileType = sourcecode.swift; path = BassFishingAppTakeTwoUITests.swift; sourceTree = "<group>"; };
		1073259E1D930A9C005F4C26 /* Info.plist */ = {isa = PBXFileReference; lastKnownFileType = text.plist.xml; path = Info.plist; sourceTree = "<group>"; };
		107325AE1D930EB4005F4C26 /* LoginViewController.swift */ = {isa = PBXFileReference; fileEncoding = 4; lastKnownFileType = sourcecode.swift; path = LoginViewController.swift; sourceTree = "<group>"; };
/* End PBXFileReference section */

/* Begin PBXFrameworksBuildPhase section */
		107325731D930A9C005F4C26 /* Frameworks */ = {
			isa = PBXFrameworksBuildPhase;
			buildActionMask = 2147483647;
			files = (
			);
			runOnlyForDeploymentPostprocessing = 0;
		};
		1073258A1D930A9C005F4C26 /* Frameworks */ = {
			isa = PBXFrameworksBuildPhase;
			buildActionMask = 2147483647;
			files = (
			);
			runOnlyForDeploymentPostprocessing = 0;
		};
		107325951D930A9C005F4C26 /* Frameworks */ = {
			isa = PBXFrameworksBuildPhase;
			buildActionMask = 2147483647;
			files = (
			);
			runOnlyForDeploymentPostprocessing = 0;
		};
/* End PBXFrameworksBuildPhase section */

/* Begin PBXGroup section */
		1073256D1D930A9C005F4C26 = {
			isa = PBXGroup;
			children = (
				105119751D945FA2004083F8 /* ConnectionSettings.swift */,
				105119731D945C54004083F8 /* LoginService.swift */,
				107325AE1D930EB4005F4C26 /* LoginViewController.swift */,
				107325781D930A9C005F4C26 /* BassFishingAppTakeTwo */,
				107325901D930A9C005F4C26 /* BassFishingAppTakeTwoTests */,
				1073259B1D930A9C005F4C26 /* BassFishingAppTakeTwoUITests */,
				107325771D930A9C005F4C26 /* Products */,
			);
			sourceTree = "<group>";
		};
		107325771D930A9C005F4C26 /* Products */ = {
			isa = PBXGroup;
			children = (
				107325761D930A9C005F4C26 /* BassFishingAppTakeTwo.app */,
				1073258D1D930A9C005F4C26 /* BassFishingAppTakeTwoTests.xctest */,
				107325981D930A9C005F4C26 /* BassFishingAppTakeTwoUITests.xctest */,
			);
			name = Products;
			sourceTree = "<group>";
		};
		107325781D930A9C005F4C26 /* BassFishingAppTakeTwo */ = {
			isa = PBXGroup;
			children = (
				107325791D930A9C005F4C26 /* AppDelegate.swift */,
				1073257B1D930A9C005F4C26 /* ViewController.swift */,
				1073257D1D930A9C005F4C26 /* Main.storyboard */,
				100836791D95A84A0079C8D9 /* WelcomeViewController.swift */,
				107325831D930A9C005F4C26 /* Assets.xcassets */,
				107325851D930A9C005F4C26 /* LaunchScreen.storyboard */,
				107325881D930A9C005F4C26 /* Info.plist */,
				107325801D930A9C005F4C26 /* BassFishingAppTakeTwo.xcdatamodeld */,
			);
			path = BassFishingAppTakeTwo;
			sourceTree = "<group>";
		};
		107325901D930A9C005F4C26 /* BassFishingAppTakeTwoTests */ = {
			isa = PBXGroup;
			children = (
				107325911D930A9C005F4C26 /* BassFishingAppTakeTwoTests.swift */,
				107325931D930A9C005F4C26 /* Info.plist */,
			);
			path = BassFishingAppTakeTwoTests;
			sourceTree = "<group>";
		};
		1073259B1D930A9C005F4C26 /* BassFishingAppTakeTwoUITests */ = {
			isa = PBXGroup;
			children = (
				1073259C1D930A9C005F4C26 /* BassFishingAppTakeTwoUITests.swift */,
				1073259E1D930A9C005F4C26 /* Info.plist */,
			);
			path = BassFishingAppTakeTwoUITests;
			sourceTree = "<group>";
		};
/* End PBXGroup section */

/* Begin PBXNativeTarget section */
		107325751D930A9C005F4C26 /* BassFishingAppTakeTwo */ = {
			isa = PBXNativeTarget;
			buildConfigurationList = 107325A11D930A9C005F4C26 /* Build configuration list for PBXNativeTarget "BassFishingAppTakeTwo" */;
			buildPhases = (
				107325721D930A9C005F4C26 /* Sources */,
				107325731D930A9C005F4C26 /* Frameworks */,
				107325741D930A9C005F4C26 /* Resources */,
			);
			buildRules = (
			);
			dependencies = (
			);
			name = BassFishingAppTakeTwo;
			productName = BassFishingAppTakeTwo;
			productReference = 107325761D930A9C005F4C26 /* BassFishingAppTakeTwo.app */;
			productType = "com.apple.product-type.application";
		};
		1073258C1D930A9C005F4C26 /* BassFishingAppTakeTwoTests */ = {
			isa = PBXNativeTarget;
			buildConfigurationList = 107325A41D930A9C005F4C26 /* Build configuration list for PBXNativeTarget "BassFishingAppTakeTwoTests" */;
			buildPhases = (
				107325891D930A9C005F4C26 /* Sources */,
				1073258A1D930A9C005F4C26 /* Frameworks */,
				1073258B1D930A9C005F4C26 /* Resources */,
			);
			buildRules = (
			);
			dependencies = (
				1073258F1D930A9C005F4C26 /* PBXTargetDependency */,
			);
			name = BassFishingAppTakeTwoTests;
			productName = BassFishingAppTakeTwoTests;
			productReference = 1073258D1D930A9C005F4C26 /* BassFishingAppTakeTwoTests.xctest */;
			productType = "com.apple.product-type.bundle.unit-test";
		};
		107325971D930A9C005F4C26 /* BassFishingAppTakeTwoUITests */ = {
			isa = PBXNativeTarget;
			buildConfigurationList = 107325A71D930A9C005F4C26 /* Build configuration list for PBXNativeTarget "BassFishingAppTakeTwoUITests" */;
			buildPhases = (
				107325941D930A9C005F4C26 /* Sources */,
				107325951D930A9C005F4C26 /* Frameworks */,
				107325961D930A9C005F4C26 /* Resources */,
			);
			buildRules = (
			);
			dependencies = (
				1073259A1D930A9C005F4C26 /* PBXTargetDependency */,
			);
			name = BassFishingAppTakeTwoUITests;
			productName = BassFishingAppTakeTwoUITests;
			productReference = 107325981D930A9C005F4C26 /* BassFishingAppTakeTwoUITests.xctest */;
			productType = "com.apple.product-type.bundle.ui-testing";
		};
/* End PBXNativeTarget section */

/* Begin PBXProject section */
		1073256E1D930A9C005F4C26 /* Project object */ = {
			isa = PBXProject;
			attributes = {
				LastSwiftUpdateCheck = 0730;
				LastUpgradeCheck = 0730;
				ORGANIZATIONNAME = apcsp;
				TargetAttributes = {
					107325751D930A9C005F4C26 = {
						CreatedOnToolsVersion = 7.3.1;
					};
					1073258C1D930A9C005F4C26 = {
						CreatedOnToolsVersion = 7.3.1;
						TestTargetID = 107325751D930A9C005F4C26;
					};
					107325971D930A9C005F4C26 = {
						CreatedOnToolsVersion = 7.3.1;
						TestTargetID = 107325751D930A9C005F4C26;
					};
				};
			};
			buildConfigurationList = 107325711D930A9C005F4C26 /* Build configuration list for PBXProject "BassFishingAppTakeTwo" */;
			compatibilityVersion = "Xcode 3.2";
			developmentRegion = English;
			hasScannedForEncodings = 0;
			knownRegions = (
				en,
				Base,
			);
			mainGroup = 1073256D1D930A9C005F4C26;
			productRefGroup = 107325771D930A9C005F4C26 /* Products */;
			projectDirPath = "";
			projectRoot = "";
			targets = (
				107325751D930A9C005F4C26 /* BassFishingAppTakeTwo */,
				1073258C1D930A9C005F4C26 /* BassFishingAppTakeTwoTests */,
				107325971D930A9C005F4C26 /* BassFishingAppTakeTwoUITests */,
			);
		};
/* End PBXProject section */

/* Begin PBXResourcesBuildPhase section */
		107325741D930A9C005F4C26 /* Resources */ = {
			isa = PBXResourcesBuildPhase;
			buildActionMask = 2147483647;
			files = (
				107325871D930A9C005F4C26 /* LaunchScreen.storyboard in Resources */,
				107325841D930A9C005F4C26 /* Assets.xcassets in Resources */,
				1073257F1D930A9C005F4C26 /* Main.storyboard in Resources */,
			);
			runOnlyForDeploymentPostprocessing = 0;
		};
		1073258B1D930A9C005F4C26 /* Resources */ = {
			isa = PBXResourcesBuildPhase;
			buildActionMask = 2147483647;
			files = (
			);
			runOnlyForDeploymentPostprocessing = 0;
		};
		107325961D930A9C005F4C26 /* Resources */ = {
			isa = PBXResourcesBuildPhase;
			buildActionMask = 2147483647;
			files = (
			);
			runOnlyForDeploymentPostprocessing = 0;
		};
/* End PBXResourcesBuildPhase section */

/* Begin PBXSourcesBuildPhase section */
		107325721D930A9C005F4C26 /* Sources */ = {
			isa = PBXSourcesBuildPhase;
			buildActionMask = 2147483647;
			files = (
				107325AF1D930EB4005F4C26 /* LoginViewController.swift in Sources */,
				1073257C1D930A9C005F4C26 /* ViewController.swift in Sources */,
				105119761D945FA2004083F8 /* ConnectionSettings.swift in Sources */,
				105119741D945C54004083F8 /* LoginService.swift in Sources */,
				1073257A1D930A9C005F4C26 /* AppDelegate.swift in Sources */,
				107325821D930A9C005F4C26 /* BassFishingAppTakeTwo.xcdatamodeld in Sources */,
				1008367A1D95A84A0079C8D9 /* WelcomeViewController.swift in Sources */,
			);
			runOnlyForDeploymentPostprocessing = 0;
		};
		107325891D930A9C005F4C26 /* Sources */ = {
			isa = PBXSourcesBuildPhase;
			buildActionMask = 2147483647;
			files = (
				107325921D930A9C005F4C26 /* BassFishingAppTakeTwoTests.swift in Sources */,
			);
			runOnlyForDeploymentPostprocessing = 0;
		};
		107325941D930A9C005F4C26 /* Sources */ = {
			isa = PBXSourcesBuildPhase;
			buildActionMask = 2147483647;
			files = (
				1073259D1D930A9C005F4C26 /* BassFishingAppTakeTwoUITests.swift in Sources */,
			);
			runOnlyForDeploymentPostprocessing = 0;
		};
/* End PBXSourcesBuildPhase section */

/* Begin PBXTargetDependency section */
		1073258F1D930A9C005F4C26 /* PBXTargetDependency */ = {
			isa = PBXTargetDependency;
			target = 107325751D930A9C005F4C26 /* BassFishingAppTakeTwo */;
			targetProxy = 1073258E1D930A9C005F4C26 /* PBXContainerItemProxy */;
		};
		1073259A1D930A9C005F4C26 /* PBXTargetDependency */ = {
			isa = PBXTargetDependency;
			target = 107325751D930A9C005F4C26 /* BassFishingAppTakeTwo */;
			targetProxy = 107325991D930A9C005F4C26 /* PBXContainerItemProxy */;
		};
/* End PBXTargetDependency section */

/* Begin PBXVariantGroup section */
		1073257D1D930A9C005F4C26 /* Main.storyboard */ = {
			isa = PBXVariantGroup;
			children = (
				1073257E1D930A9C005F4C26 /* Base */,
			);
			name = Main.storyboard;
			sourceTree = "<group>";
		};
		107325851D930A9C005F4C26 /* LaunchScreen.storyboard */ = {
			isa = PBXVariantGroup;
			children = (
				107325861D930A9C005F4C26 /* Base */,
			);
			name = LaunchScreen.storyboard;
			sourceTree = "<group>";
		};
/* End PBXVariantGroup section */

/* Begin XCBuildConfiguration section */
		1073259F1D930A9C005F4C26 /* Debug */ = {
			isa = XCBuildConfiguration;
			buildSettings = {
				ALWAYS_SEARCH_USER_PATHS = NO;
				CLANG_ANALYZER_NONNULL = YES;
				CLANG_CXX_LANGUAGE_STANDARD = "gnu++0x";
				CLANG_CXX_LIBRARY = "libc++";
				CLANG_ENABLE_MODULES = YES;
				CLANG_ENABLE_OBJC_ARC = YES;
				CLANG_WARN_BOOL_CONVERSION = YES;
				CLANG_WARN_CONSTANT_CONVERSION = YES;
				CLANG_WARN_DIRECT_OBJC_ISA_USAGE = YES_ERROR;
				CLANG_WARN_EMPTY_BODY = YES;
				CLANG_WARN_ENUM_CONVERSION = YES;
				CLANG_WARN_INT_CONVERSION = YES;
				CLANG_WARN_OBJC_ROOT_CLASS = YES_ERROR;
				CLANG_WARN_UNREACHABLE_CODE = YES;
				CLANG_WARN__DUPLICATE_METHOD_MATCH = YES;
				"CODE_SIGN_IDENTITY[sdk=iphoneos*]" = "iPhone Developer";
				COPY_PHASE_STRIP = NO;
				DEBUG_INFORMATION_FORMAT = dwarf;
				ENABLE_STRICT_OBJC_MSGSEND = YES;
				ENABLE_TESTABILITY = YES;
				GCC_C_LANGUAGE_STANDARD = gnu99;
				GCC_DYNAMIC_NO_PIC = NO;
				GCC_NO_COMMON_BLOCKS = YES;
				GCC_OPTIMIZATION_LEVEL = 0;
				GCC_PREPROCESSOR_DEFINITIONS = (
					"DEBUG=1",
					"$(inherited)",
				);
				GCC_WARN_64_TO_32_BIT_CONVERSION = YES;
				GCC_WARN_ABOUT_RETURN_TYPE = YES_ERROR;
				GCC_WARN_UNDECLARED_SELECTOR = YES;
				GCC_WARN_UNINITIALIZED_AUTOS = YES_AGGRESSIVE;
				GCC_WARN_UNUSED_FUNCTION = YES;
				GCC_WARN_UNUSED_VARIABLE = YES;
				IPHONEOS_DEPLOYMENT_TARGET = 9.3;
				MTL_ENABLE_DEBUG_INFO = YES;
				ONLY_ACTIVE_ARCH = YES;
				SDKROOT = iphoneos;
				SWIFT_OPTIMIZATION_LEVEL = "-Onone";
				TARGETED_DEVICE_FAMILY = "1,2";
			};
			name = Debug;
		};
		107325A01D930A9C005F4C26 /* Release */ = {
			isa = XCBuildConfiguration;
			buildSettings = {
				ALWAYS_SEARCH_USER_PATHS = NO;
				CLANG_ANALYZER_NONNULL = YES;
				CLANG_CXX_LANGUAGE_STANDARD = "gnu++0x";
				CLANG_CXX_LIBRARY = "libc++";
				CLANG_ENABLE_MODULES = YES;
				CLANG_ENABLE_OBJC_ARC = YES;
				CLANG_WARN_BOOL_CONVERSION = YES;
				CLANG_WARN_CONSTANT_CONVERSION = YES;
				CLANG_WARN_DIRECT_OBJC_ISA_USAGE = YES_ERROR;
				CLANG_WARN_EMPTY_BODY = YES;
				CLANG_WARN_ENUM_CONVERSION = YES;
				CLANG_WARN_INT_CONVERSION = YES;
				CLANG_WARN_OBJC_ROOT_CLASS = YES_ERROR;
				CLANG_WARN_UNREACHABLE_CODE = YES;
				CLANG_WARN__DUPLICATE_METHOD_MATCH = YES;
				"CODE_SIGN_IDENTITY[sdk=iphoneos*]" = "iPhone Developer";
				COPY_PHASE_STRIP = NO;
				DEBUG_INFORMATION_FORMAT = "dwarf-with-dsym";
				ENABLE_NS_ASSERTIONS = NO;
				ENABLE_STRICT_OBJC_MSGSEND = YES;
				GCC_C_LANGUAGE_STANDARD = gnu99;
				GCC_NO_COMMON_BLOCKS = YES;
				GCC_WARN_64_TO_32_BIT_CONVERSION = YES;
				GCC_WARN_ABOUT_RETURN_TYPE = YES_ERROR;
				GCC_WARN_UNDECLARED_SELECTOR = YES;
				GCC_WARN_UNINITIALIZED_AUTOS = YES_AGGRESSIVE;
				GCC_WARN_UNUSED_FUNCTION = YES;
				GCC_WARN_UNUSED_VARIABLE = YES;
				IPHONEOS_DEPLOYMENT_TARGET = 9.3;
				MTL_ENABLE_DEBUG_INFO = NO;
				SDKROOT = iphoneos;
				TARGETED_DEVICE_FAMILY = "1,2";
				VALIDATE_PRODUCT = YES;
			};
			name = Release;
		};
		107325A21D930A9C005F4C26 /* Debug */ = {
			isa = XCBuildConfiguration;
			buildSettings = {
				ASSETCATALOG_COMPILER_APPICON_NAME = AppIcon;
				INFOPLIST_FILE = BassFishingAppTakeTwo/Info.plist;
				LD_RUNPATH_SEARCH_PATHS = "$(inherited) @executable_path/Frameworks";
				PRODUCT_BUNDLE_IDENTIFIER = Hennig.BassFishingAppTakeTwo;
				PRODUCT_NAME = "$(TARGET_NAME)";
			};
			name = Debug;
		};
		107325A31D930A9C005F4C26 /* Release */ = {
			isa = XCBuildConfiguration;
			buildSettings = {
				ASSETCATALOG_COMPILER_APPICON_NAME = AppIcon;
				INFOPLIST_FILE = BassFishingAppTakeTwo/Info.plist;
				LD_RUNPATH_SEARCH_PATHS = "$(inherited) @executable_path/Frameworks";
				PRODUCT_BUNDLE_IDENTIFIER = Hennig.BassFishingAppTakeTwo;
				PRODUCT_NAME = "$(TARGET_NAME)";
			};
			name = Release;
		};
		107325A51D930A9C005F4C26 /* Debug */ = {
			isa = XCBuildConfiguration;
			buildSettings = {
				BUNDLE_LOADER = "$(TEST_HOST)";
				INFOPLIST_FILE = BassFishingAppTakeTwoTests/Info.plist;
				LD_RUNPATH_SEARCH_PATHS = "$(inherited) @executable_path/Frameworks @loader_path/Frameworks";
				PRODUCT_BUNDLE_IDENTIFIER = Hennig.BassFishingAppTakeTwoTests;
				PRODUCT_NAME = "$(TARGET_NAME)";
				TEST_HOST = "$(BUILT_PRODUCTS_DIR)/BassFishingAppTakeTwo.app/BassFishingAppTakeTwo";
			};
			name = Debug;
		};
		107325A61D930A9C005F4C26 /* Release */ = {
			isa = XCBuildConfiguration;
			buildSettings = {
				BUNDLE_LOADER = "$(TEST_HOST)";
				INFOPLIST_FILE = BassFishingAppTakeTwoTests/Info.plist;
				LD_RUNPATH_SEARCH_PATHS = "$(inherited) @executable_path/Frameworks @loader_path/Frameworks";
				PRODUCT_BUNDLE_IDENTIFIER = Hennig.BassFishingAppTakeTwoTests;
				PRODUCT_NAME = "$(TARGET_NAME)";
				TEST_HOST = "$(BUILT_PRODUCTS_DIR)/BassFishingAppTakeTwo.app/BassFishingAppTakeTwo";
			};
			name = Release;
		};
		107325A81D930A9C005F4C26 /* Debug */ = {
			isa = XCBuildConfiguration;
			buildSettings = {
				INFOPLIST_FILE = BassFishingAppTakeTwoUITests/Info.plist;
				LD_RUNPATH_SEARCH_PATHS = "$(inherited) @executable_path/Frameworks @loader_path/Frameworks";
				PRODUCT_BUNDLE_IDENTIFIER = Hennig.BassFishingAppTakeTwoUITests;
				PRODUCT_NAME = "$(TARGET_NAME)";
				TEST_TARGET_NAME = BassFishingAppTakeTwo;
			};
			name = Debug;
		};
		107325A91D930A9C005F4C26 /* Release */ = {
			isa = XCBuildConfiguration;
			buildSettings = {
				INFOPLIST_FILE = BassFishingAppTakeTwoUITests/Info.plist;
				LD_RUNPATH_SEARCH_PATHS = "$(inherited) @executable_path/Frameworks @loader_path/Frameworks";
				PRODUCT_BUNDLE_IDENTIFIER = Hennig.BassFishingAppTakeTwoUITests;
				PRODUCT_NAME = "$(TARGET_NAME)";
				TEST_TARGET_NAME = BassFishingAppTakeTwo;
			};
			name = Release;
		};
/* End XCBuildConfiguration section */

/* Begin XCConfigurationList section */
		107325711D930A9C005F4C26 /* Build configuration list for PBXProject "BassFishingAppTakeTwo" */ = {
			isa = XCConfigurationList;
			buildConfigurations = (
				1073259F1D930A9C005F4C26 /* Debug */,
				107325A01D930A9C005F4C26 /* Release */,
			);
			defaultConfigurationIsVisible = 0;
			defaultConfigurationName = Release;
		};
		107325A11D930A9C005F4C26 /* Build configuration list for PBXNativeTarget "BassFishingAppTakeTwo" */ = {
			isa = XCConfigurationList;
			buildConfigurations = (
				107325A21D930A9C005F4C26 /* Debug */,
				107325A31D930A9C005F4C26 /* Release */,
			);
			defaultConfigurationIsVisible = 0;
			defaultConfigurationName = Release;
		};
		107325A41D930A9C005F4C26 /* Build configuration list for PBXNativeTarget "BassFishingAppTakeTwoTests" */ = {
			isa = XCConfigurationList;
			buildConfigurations = (
				107325A51D930A9C005F4C26 /* Debug */,
				107325A61D930A9C005F4C26 /* Release */,
			);
			defaultConfigurationIsVisible = 0;
			defaultConfigurationName = Release;
		};
		107325A71D930A9C005F4C26 /* Build configuration list for PBXNativeTarget "BassFishingAppTakeTwoUITests" */ = {
			isa = XCConfigurationList;
			buildConfigurations = (
				107325A81D930A9C005F4C26 /* Debug */,
				107325A91D930A9C005F4C26 /* Release */,
			);
			defaultConfigurationIsVisible = 0;
			defaultConfigurationName = Release;
		};
/* End XCConfigurationList section */

/* Begin XCVersionGroup section */
		107325801D930A9C005F4C26 /* BassFishingAppTakeTwo.xcdatamodeld */ = {
			isa = XCVersionGroup;
			children = (
				107325811D930A9C005F4C26 /* BassFishingAppTakeTwo.xcdatamodel */,
			);
			currentVersion = 107325811D930A9C005F4C26 /* BassFishingAppTakeTwo.xcdatamodel */;
			path = BassFishingAppTakeTwo.xcdatamodeld;
			sourceTree = "<group>";
			versionGroupType = wrapper.xcdatamodel;
		};
/* End XCVersionGroup section */
	};
	rootObject = 1073256E1D930A9C005F4C26 /* Project object */;
}
